
Microsoft Visual Studio Solution File, Format Version 12.00
# Visual Studio Version 17
VisualStudioVersion = 17.3.32929.385
MinimumVisualStudioVersion = 10.0.40219.1
Project("{FAE04EC0-301F-11D3-BF4B-00C04F79EFBC}") = "atm-machineArne", "atm-machineArne\atm-machineArne.csproj", "{74E89755-E242-47CB-A528-789F973C6845}"
EndProject
Global
	GlobalSection(SolutionConfigurationPlatforms) = preSolution
		Debug|Any CPU = Debug|Any CPU
		Release|Any CPU = Release|Any CPU
	EndGlobalSection
	GlobalSection(ProjectConfigurationPlatforms) = postSolution
		{74E89755-E242-47CB-A528-789F973C6845}.Debug|Any CPU.ActiveCfg = Debug|Any CPU
		{74E89755-E242-47CB-A528-789F973C6845}.Debug|Any CPU.Build.0 = Debug|Any CPU
		{74E89755-E242-47CB-A528-789F973C6845}.Release|Any CPU.ActiveCfg = Release|Any CPU
		{74E89755-E242-47CB-A528-789F973C6845}.Release|Any CPU.Build.0 = Release|Any CPU
	EndGlobalSection
	GlobalSection(SolutionProperties) = preSolution
		HideSolutionNode = FALSE
	EndGlobalSection
	GlobalSection(ExtensibilityGlobals) = postSolution
		SolutionGuid = {B067CA2A-9881-4B72-91B7-EE7F79A84AEE}
	EndGlobalSection
EndGlobal
